
Microsoft Visual Studio Solution File, Format Version 11.00
# Visual Studio 2010
Project("{FAE04EC0-301F-11D3-BF4B-00C04F79EFBC}") = "Tank_Step1_Practice", "Assembly-CSharp.csproj", "{57AC7AA0-FD4B-B441-C34D-82A868E24BDB}"
EndProject
Global
	GlobalSection(SolutionConfigurationPlatforms) = preSolution
		Debug|Any CPU = Debug|Any CPU
		Release|Any CPU = Release|Any CPU
	EndGlobalSection
	GlobalSection(ProjectConfigurationPlatforms) = postSolution
		{57AC7AA0-FD4B-B441-C34D-82A868E24BDB}.Debug|Any CPU.ActiveCfg = Debug|Any CPU
		{57AC7AA0-FD4B-B441-C34D-82A868E24BDB}.Debug|Any CPU.Build.0 = Debug|Any CPU
		{57AC7AA0-FD4B-B441-C34D-82A868E24BDB}.Release|Any CPU.ActiveCfg = Release|Any CPU
		{57AC7AA0-FD4B-B441-C34D-82A868E24BDB}.Release|Any CPU.Build.0 = Release|Any CPU
	EndGlobalSection
	GlobalSection(SolutionProperties) = preSolution
		HideSolutionNode = FALSE
	EndGlobalSection
	GlobalSection(MonoDevelopProperties) = preSolution
		StartupItem = Assembly-CSharp.csproj
	EndGlobalSection
EndGlobal
